
Microsoft Visual Studio Solution File, Format Version 11.00
# Visual Studio 2010
Project("{FAE04EC0-301F-11D3-BF4B-00C04F79EFBC}") = "Assembly-CSharp", "Assembly-CSharp.csproj", "{395C0253-9926-8227-362D-CAE81FDFA30F}"
EndProject
Project("{FAE04EC0-301F-11D3-BF4B-00C04F79EFBC}") = "NavMeshComponentsExamples", "NavMeshComponentsExamples.csproj", "{7C819151-1E33-4B0E-847A-AD2E6E79AB45}"
EndProject
Project("{FAE04EC0-301F-11D3-BF4B-00C04F79EFBC}") = "NavMeshComponents", "NavMeshComponents.csproj", "{FC4F05FB-31B5-393C-D688-9AB4100CCF8F}"
EndProject
Project("{FAE04EC0-301F-11D3-BF4B-00C04F79EFBC}") = "NavMeshComponentsTestsPlaymode", "NavMeshComponentsTestsPlaymode.csproj", "{3E4EC6EC-38C8-34F5-1CB4-1AF27CA896A0}"
EndProject
Project("{FAE04EC0-301F-11D3-BF4B-00C04F79EFBC}") = "Assembly-CSharp-Editor", "Assembly-CSharp-Editor.csproj", "{CC062CDE-40E1-CC84-1337-F6506B8B478A}"
EndProject
Project("{FAE04EC0-301F-11D3-BF4B-00C04F79EFBC}") = "NavMeshComponentsEditor", "NavMeshComponentsEditor.csproj", "{09CA55A1-B07B-703A-44BA-102D6C701054}"
EndProject
Project("{FAE04EC0-301F-11D3-BF4B-00C04F79EFBC}") = "NavMeshComponentsTestsEditmode", "NavMeshComponentsTestsEditmode.csproj", "{CF7E707F-05B1-CC5B-1B2F-71A00F0FEB9F}"
EndProject
Project("{FAE04EC0-301F-11D3-BF4B-00C04F79EFBC}") = "NavMeshComponentsExamplesEditor", "NavMeshComponentsExamplesEditor.csproj", "{37AAABB0-246D-2A69-6088-EF0AD5BBFD88}"
EndProject
Global
	GlobalSection(SolutionConfigurationPlatforms) = preSolution
		Debug|Any CPU = Debug|Any CPU
		Release|Any CPU = Release|Any CPU
	EndGlobalSection
	GlobalSection(ProjectConfigurationPlatforms) = postSolution
		{395C0253-9926-8227-362D-CAE81FDFA30F}.Debug|Any CPU.ActiveCfg = Debug|Any CPU
		{395C0253-9926-8227-362D-CAE81FDFA30F}.Debug|Any CPU.Build.0 = Debug|Any CPU
		{395C0253-9926-8227-362D-CAE81FDFA30F}.Release|Any CPU.ActiveCfg = Release|Any CPU
		{395C0253-9926-8227-362D-CAE81FDFA30F}.Release|Any CPU.Build.0 = Release|Any CPU
		{7C819151-1E33-4B0E-847A-AD2E6E79AB45}.Debug|Any CPU.ActiveCfg = Debug|Any CPU
		{7C819151-1E33-4B0E-847A-AD2E6E79AB45}.Debug|Any CPU.Build.0 = Debug|Any CPU
		{7C819151-1E33-4B0E-847A-AD2E6E79AB45}.Release|Any CPU.ActiveCfg = Release|Any CPU
		{7C819151-1E33-4B0E-847A-AD2E6E79AB45}.Release|Any CPU.Build.0 = Release|Any CPU
		{FC4F05FB-31B5-393C-D688-9AB4100CCF8F}.Debug|Any CPU.ActiveCfg = Debug|Any CPU
		{FC4F05FB-31B5-393C-D688-9AB4100CCF8F}.Debug|Any CPU.Build.0 = Debug|Any CPU
		{FC4F05FB-31B5-393C-D688-9AB4100CCF8F}.Release|Any CPU.ActiveCfg = Release|Any CPU
		{FC4F05FB-31B5-393C-D688-9AB4100CCF8F}.Release|Any CPU.Build.0 = Release|Any CPU
		{3E4EC6EC-38C8-34F5-1CB4-1AF27CA896A0}.Debug|Any CPU.ActiveCfg = Debug|Any CPU
		{3E4EC6EC-38C8-34F5-1CB4-1AF27CA896A0}.Debug|Any CPU.Build.0 = Debug|Any CPU
		{3E4EC6EC-38C8-34F5-1CB4-1AF27CA896A0}.Release|Any CPU.ActiveCfg = Release|Any CPU
		{3E4EC6EC-38C8-34F5-1CB4-1AF27CA896A0}.Release|Any CPU.Build.0 = Release|Any CPU
		{CC062CDE-40E1-CC84-1337-F6506B8B478A}.Debug|Any CPU.ActiveCfg = Debug|Any CPU
		{CC062CDE-40E1-CC84-1337-F6506B8B478A}.Debug|Any CPU.Build.0 = Debug|Any CPU
		{CC062CDE-40E1-CC84-1337-F6506B8B478A}.Release|Any CPU.ActiveCfg = Release|Any CPU
		{CC062CDE-40E1-CC84-1337-F6506B8B478A}.Release|Any CPU.Build.0 = Release|Any CPU
		{09CA55A1-B07B-703A-44BA-102D6C701054}.Debug|Any CPU.ActiveCfg = Debug|Any CPU
		{09CA55A1-B07B-703A-44BA-102D6C701054}.Debug|Any CPU.Build.0 = Debug|Any CPU
		{09CA55A1-B07B-703A-44BA-102D6C701054}.Release|Any CPU.ActiveCfg = Release|Any CPU
		{09CA55A1-B07B-703A-44BA-102D6C701054}.Release|Any CPU.Build.0 = Release|Any CPU
		{CF7E707F-05B1-CC5B-1B2F-71A00F0FEB9F}.Debug|Any CPU.ActiveCfg = Debug|Any CPU
		{CF7E707F-05B1-CC5B-1B2F-71A00F0FEB9F}.Debug|Any CPU.Build.0 = Debug|Any CPU
		{CF7E707F-05B1-CC5B-1B2F-71A00F0FEB9F}.Release|Any CPU.ActiveCfg = Release|Any CPU
		{CF7E707F-05B1-CC5B-1B2F-71A00F0FEB9F}.Release|Any CPU.Build.0 = Release|Any CPU
		{37AAABB0-246D-2A69-6088-EF0AD5BBFD88}.Debug|Any CPU.ActiveCfg = Debug|Any CPU
		{37AAABB0-246D-2A69-6088-EF0AD5BBFD88}.Debug|Any CPU.Build.0 = Debug|Any CPU
		{37AAABB0-246D-2A69-6088-EF0AD5BBFD88}.Release|Any CPU.ActiveCfg = Release|Any CPU
		{37AAABB0-246D-2A69-6088-EF0AD5BBFD88}.Release|Any CPU.Build.0 = Release|Any CPU
	EndGlobalSection
	GlobalSection(SolutionProperties) = preSolution
		HideSolutionNode = FALSE
	EndGlobalSection
EndGlobal
